
Microsoft Visual Studio Solution File, Format Version 12.00
# Visual Studio Version 17
VisualStudioVersion = 17.10.35004.147
MinimumVisualStudioVersion = 10.0.40219.1
Project("{FAE04EC0-301F-11D3-BF4B-00C04F79EFBC}") = "HospitalManagementSystem", "HospitalManagementSystem\HospitalManagementSystem.csproj", "{71686AB2-BC36-4DB8-92B1-070715D99270}"
EndProject
Project("{FAE04EC0-301F-11D3-BF4B-00C04F79EFBC}") = "HospitalManagementSystem.Entity", "HospitalManagementSystem.Entity\HospitalManagementSystem.Entity.csproj", "{29073CD6-5813-4449-B7A8-C886006F51DF}"
EndProject
Project("{FAE04EC0-301F-11D3-BF4B-00C04F79EFBC}") = "HospitalManagementSystem.Services", "HospitalManagementSystem.Services\HospitalManagementSystem.Services.csproj", "{97F23143-F0F9-4B43-9210-996079730995}"
EndProject
Global
	GlobalSection(SolutionConfigurationPlatforms) = preSolution
		Debug|Any CPU = Debug|Any CPU
		Release|Any CPU = Release|Any CPU
	EndGlobalSection
	GlobalSection(ProjectConfigurationPlatforms) = postSolution
		{71686AB2-BC36-4DB8-92B1-070715D99270}.Debug|Any CPU.ActiveCfg = Debug|Any CPU
		{71686AB2-BC36-4DB8-92B1-070715D99270}.Debug|Any CPU.Build.0 = Debug|Any CPU
		{71686AB2-BC36-4DB8-92B1-070715D99270}.Release|Any CPU.ActiveCfg = Release|Any CPU
		{71686AB2-BC36-4DB8-92B1-070715D99270}.Release|Any CPU.Build.0 = Release|Any CPU
		{29073CD6-5813-4449-B7A8-C886006F51DF}.Debug|Any CPU.ActiveCfg = Debug|Any CPU
		{29073CD6-5813-4449-B7A8-C886006F51DF}.Debug|Any CPU.Build.0 = Debug|Any CPU
		{29073CD6-5813-4449-B7A8-C886006F51DF}.Release|Any CPU.ActiveCfg = Release|Any CPU
		{29073CD6-5813-4449-B7A8-C886006F51DF}.Release|Any CPU.Build.0 = Release|Any CPU
		{97F23143-F0F9-4B43-9210-996079730995}.Debug|Any CPU.ActiveCfg = Debug|Any CPU
		{97F23143-F0F9-4B43-9210-996079730995}.Debug|Any CPU.Build.0 = Debug|Any CPU
		{97F23143-F0F9-4B43-9210-996079730995}.Release|Any CPU.ActiveCfg = Release|Any CPU
		{97F23143-F0F9-4B43-9210-996079730995}.Release|Any CPU.Build.0 = Release|Any CPU
	EndGlobalSection
	GlobalSection(SolutionProperties) = preSolution
		HideSolutionNode = FALSE
	EndGlobalSection
	GlobalSection(ExtensibilityGlobals) = postSolution
		SolutionGuid = {A77F5C33-7BB6-4B7E-8C88-36D166B2395E}
	EndGlobalSection
EndGlobal
